
Microsoft Visual Studio Solution File, Format Version 12.00
# Visual Studio Version 16
VisualStudioVersion = 16.0.29411.108
MinimumVisualStudioVersion = 10.0.40219.1
Project("{FAE04EC0-301F-11D3-BF4B-00C04F79EFBC}") = "BethanysPieShop", "BethanysPieShop\BethanysPieShop.csproj", "{32B66BC4-8156-4F45-9FDB-5BE9032C7B87}"
EndProject
Global
	GlobalSection(SolutionConfigurationPlatforms) = preSolution
		Debug|Any CPU = Debug|Any CPU
		Release|Any CPU = Release|Any CPU
	EndGlobalSection
	GlobalSection(ProjectConfigurationPlatforms) = postSolution
		{32B66BC4-8156-4F45-9FDB-5BE9032C7B87}.Debug|Any CPU.ActiveCfg = Debug|Any CPU
		{32B66BC4-8156-4F45-9FDB-5BE9032C7B87}.Debug|Any CPU.Build.0 = Debug|Any CPU
		{32B66BC4-8156-4F45-9FDB-5BE9032C7B87}.Release|Any CPU.ActiveCfg = Release|Any CPU
		{32B66BC4-8156-4F45-9FDB-5BE9032C7B87}.Release|Any CPU.Build.0 = Release|Any CPU
	EndGlobalSection
	GlobalSection(SolutionProperties) = preSolution
		HideSolutionNode = FALSE
	EndGlobalSection
	GlobalSection(ExtensibilityGlobals) = postSolution
		SolutionGuid = {14887A61-6D6B-4420-94F4-332D9C786432}
	EndGlobalSection
EndGlobal
